lockfileVersion: '6.0'

dependencies:
  bucky.js:
    specifier: ^1.2.1
    version: 1.2.1

devDependencies:
  '@types/node':
    specifier: ^20.2.5
    version: 20.2.5
  typescript:
    specifier: ^5.1.3
    version: 5.1.3

packages:

  /@types/node@20.2.5:
    resolution: {integrity: sha512-JJulVEQXmiY9Px5axXHeYGLSjhkZEnD+MDPDGbCbIAbMslkKwmygtZFy1X6s/075Yo94sf8GuSlFfPzysQrWZQ==}
    dev: true

  /bucky.js@1.2.1:
    resolution: {integrity: sha512-40mcehkfeRQe1fKF8cvxKcQ7cs9e5bYHgokXDJnqOmZUHZc/huP85l1nF7Fqw99ujabv9wdFBMyYCWNIcZ+l2g==}
    engines: {node: '>=16.6.0', npm: '>=7.0.0'}
    dev: false

  /typescript@5.1.3:
    resolution: {integrity: sha512-XH627E9vkeqhlZFQuL+UsyAXEnibT0kWR2FWONlr4sTjvxyJYnyefgrkyECLzM5NenmKzRAy2rR/OlYLA1HkZw==}
    engines: {node: '>=14.17'}
    hasBin: true
    dev: true
